// !$*UTF8*$!
{
	archiveVersion = 1;
	classes = {
	};
	objectVersion = 50;
	objects = {

/* Begin PBXGroup section */
		52DB6DEE244A0FB3001AFE25 = {
			isa = PBXGroup;
			children = (
			);
			sourceTree = "<group>";
		};
/* End PBXGroup section */

/* Begin PBXProject section */
		52DB6DEF244A0FB3001AFE25 /* Project object */ = {
			isa = PBXProject;
			attributes = {
				LastUpgradeCheck = 1130;
			};
			buildConfigurationList = 52DB6DF2244A0FB3001AFE25 /* Build configuration list for PBXProject "Hello_OCUnit" */;
			compatibilityVersion = "Xcode 9.3";
			developmentRegion = en;
			hasScannedForEncodings = 0;
			knownRegions = (
				en,
				Base,
			);
			mainGroup = 52DB6DEE244A0FB3001AFE25;
			projectDirPath = "";
			projectRoot = "";
			targets = (
			);
		};
/* End PBXProject section */

/* Begin XCBuildConfiguration section */
		52DB6DF3244A0FB3001AFE25 /* Debug */ = {
			isa = XCBuildConfiguration;
			buildSettings = {
			};
			name = Debug;
		};
		52DB6DF4244A0FB3001AFE25 /* Release */ = {
			isa = XCBuildConfiguration;
			buildSettings = {
			};
			name = Release;
		};
/* End XCBuildConfiguration section */

/* Begin XCConfigurationList section */
		52DB6DF2244A0FB3001AFE25 /* Build configuration list for PBXProject "Hello_OCUnit" */ = {
			isa = XCConfigurationList;
			buildConfigurations = (
				52DB6DF3244A0FB3001AFE25 /* Debug */,
				52DB6DF4244A0FB3001AFE25 /* Release */,
			);
			defaultConfigurationIsVisible = 0;
			defaultConfigurationName = Release;
		};
/* End XCConfigurationList section */
	};
	rootObject = 52DB6DEF244A0FB3001AFE25 /* Project object */;
}
